
Microsoft Visual Studio Solution File, Format Version 12.00
# Visual Studio Version 16
VisualStudioVersion = 16.0.31402.337
MinimumVisualStudioVersion = 10.0.40219.1
Project("{FAE04EC0-301F-11D3-BF4B-00C04F79EFBC}") = "Car Rental System DB Project", "Car Rental System DB Project.csproj", "{D68C771B-ABF7-4A9E-A9FC-6142AF3FCF5A}"
EndProject
Global
	GlobalSection(SolutionConfigurationPlatforms) = preSolution
		Debug|Any CPU = Debug|Any CPU
		Release|Any CPU = Release|Any CPU
	EndGlobalSection
	GlobalSection(ProjectConfigurationPlatforms) = postSolution
		{D68C771B-ABF7-4A9E-A9FC-6142AF3FCF5A}.Debug|Any CPU.ActiveCfg = Debug|Any CPU
		{D68C771B-ABF7-4A9E-A9FC-6142AF3FCF5A}.Debug|Any CPU.Build.0 = Debug|Any CPU
		{D68C771B-ABF7-4A9E-A9FC-6142AF3FCF5A}.Release|Any CPU.ActiveCfg = Release|Any CPU
		{D68C771B-ABF7-4A9E-A9FC-6142AF3FCF5A}.Release|Any CPU.Build.0 = Release|Any CPU
	EndGlobalSection
	GlobalSection(SolutionProperties) = preSolution
		HideSolutionNode = FALSE
	EndGlobalSection
	GlobalSection(ExtensibilityGlobals) = postSolution
		SolutionGuid = {94165C15-3989-4372-8E4F-C76D0F58B825}
	EndGlobalSection
EndGlobal
